# This file was autogenerated by Stack.
# You should not edit this file by hand.
# For more information, please see the documentation at:
#   https://docs.haskellstack.org/en/stable/lock_files

packages:
- completed:
    hackage: c2hs-0.28.8@sha256:826ec8a8278031a56c664d58761b5faa451c496e16f7c24e30f511b0920c7b41,9427
    pantry-tree:
      sha256: c0a824feeb530cac3f7580d9939ade6763fd29902c2dfcbcfd06f7fb9866642d
      size: 17398
  original:
    hackage: c2hs-0.28.8
snapshots:
- completed:
    sha256: 1ecad1f0bd2c27de88dbff6572446cfdf647c615d58a7e2e2085c6b7dfc04176
    size: 619403
    url: https://raw.githubusercontent.com/commercialhaskell/stackage-snapshots/master/lts/19/25.yaml
  original: lts-19.25
